
Microsoft Visual Studio Solution File, Format Version 12.00
# Visual Studio for Mac
Project("{FAE04EC0-301F-11D3-BF4B-00C04F79EFBC}") = "Assembly-CSharp", "Assembly-CSharp.csproj", "{3CDCD9B7-8DA3-20F5-D9B3-2446ED40289A}"
EndProject
Global
	GlobalSection(SolutionConfigurationPlatforms) = preSolution
		Debug|Any CPU = Debug|Any CPU
		Release|Any CPU = Release|Any CPU
	EndGlobalSection
	GlobalSection(ProjectConfigurationPlatforms) = postSolution
		{3CDCD9B7-8DA3-20F5-D9B3-2446ED40289A}.Debug|Any CPU.ActiveCfg = Debug|Any CPU
		{3CDCD9B7-8DA3-20F5-D9B3-2446ED40289A}.Debug|Any CPU.Build.0 = Debug|Any CPU
		{3CDCD9B7-8DA3-20F5-D9B3-2446ED40289A}.Release|Any CPU.ActiveCfg = Release|Any CPU
		{3CDCD9B7-8DA3-20F5-D9B3-2446ED40289A}.Release|Any CPU.Build.0 = Release|Any CPU
	EndGlobalSection
	GlobalSection(SolutionProperties) = preSolution
		HideSolutionNode = FALSE
	EndGlobalSection
EndGlobal
